// !$*UTF8*$!
{
	archiveVersion = 1;
	classes = {
	};
	objectVersion = 55;
	objects = {

/* Begin PBXBuildFile section */
		83008D3A28C84AD8006708B2 /* K.swift in Sources */ = {isa = PBXBuildFile; fileRef = 83008D3928C84AD8006708B2 /* K.swift */; };
		83008D3F28C8D998006708B2 /* WeatherData.swift in Sources */ = {isa = PBXBuildFile; fileRef = 83008D3E28C8D998006708B2 /* WeatherData.swift */; };
		83B8B5ED28BD00850050C441 /* GWeatherApp.swift in Sources */ = {isa = PBXBuildFile; fileRef = 83B8B5EC28BD00850050C441 /* GWeatherApp.swift */; };
		83B8B5EF28BD00850050C441 /* ContentView.swift in Sources */ = {isa = PBXBuildFile; fileRef = 83B8B5EE28BD00850050C441 /* ContentView.swift */; };
		83B8B5F128BD00880050C441 /* Assets.xcassets in Resources */ = {isa = PBXBuildFile; fileRef = 83B8B5F028BD00880050C441 /* Assets.xcassets */; };
		83B8B5F428BD00880050C441 /* Preview Assets.xcassets in Resources */ = {isa = PBXBuildFile; fileRef = 83B8B5F328BD00880050C441 /* Preview Assets.xcassets */; };
		83B8B5FB28BD08EB0050C441 /* PlacesView.swift in Sources */ = {isa = PBXBuildFile; fileRef = 83B8B5FA28BD08EB0050C441 /* PlacesView.swift */; };
		83B8B5FD28BD0DC60050C441 /* SavedLocationsViews.swift in Sources */ = {isa = PBXBuildFile; fileRef = 83B8B5FC28BD0DC60050C441 /* SavedLocationsViews.swift */; };
		83B8B5FF28BD12F90050C441 /* WeatherViewModel.swift in Sources */ = {isa = PBXBuildFile; fileRef = 83B8B5FE28BD12F90050C441 /* WeatherViewModel.swift */; };
		83B8B60328BD161C0050C441 /* SearchBarView.swift in Sources */ = {isa = PBXBuildFile; fileRef = 83B8B60228BD161C0050C441 /* SearchBarView.swift */; };
		83B8B60728BD34CB0050C441 /* MyButtonStyle.swift in Sources */ = {isa = PBXBuildFile; fileRef = 83B8B60628BD34CB0050C441 /* MyButtonStyle.swift */; };
		83B8B60928BD44120050C441 /* TimeRangeView.swift in Sources */ = {isa = PBXBuildFile; fileRef = 83B8B60828BD44120050C441 /* TimeRangeView.swift */; };
		83B8B60B28BD48530050C441 /* TodayView.swift in Sources */ = {isa = PBXBuildFile; fileRef = 83B8B60A28BD48530050C441 /* TodayView.swift */; };
		83B8B60D28BD68970050C441 /* SwiftUIView.swift in Sources */ = {isa = PBXBuildFile; fileRef = 83B8B60C28BD68970050C441 /* SwiftUIView.swift */; };
		83B8B61128BF082D0050C441 /* WeatherTabViews.swift in Sources */ = {isa = PBXBuildFile; fileRef = 83B8B61028BF082D0050C441 /* WeatherTabViews.swift */; };
		83B8B61328BFCA370050C441 /* TodayDetailsView.swift in Sources */ = {isa = PBXBuildFile; fileRef = 83B8B61228BFCA370050C441 /* TodayDetailsView.swift */; };
		83B8B61628BFEFB10050C441 /* HourlyTempsView.swift in Sources */ = {isa = PBXBuildFile; fileRef = 83B8B61528BFEFB10050C441 /* HourlyTempsView.swift */; };
		83B8B61828C12CBC0050C441 /* TomorrowView.swift in Sources */ = {isa = PBXBuildFile; fileRef = 83B8B61728C12CBC0050C441 /* TomorrowView.swift */; };
		83B8B61A28C12CD50050C441 /* DailyView.swift in Sources */ = {isa = PBXBuildFile; fileRef = 83B8B61928C12CD50050C441 /* DailyView.swift */; };
		83B8B61E28C24ACD0050C441 /* DailyViewCell.swift in Sources */ = {isa = PBXBuildFile; fileRef = 83B8B61D28C24ACD0050C441 /* DailyViewCell.swift */; };
		83B8B62228C3FB200050C441 /* TestView.swift in Sources */ = {isa = PBXBuildFile; fileRef = 83B8B62128C3FB200050C441 /* TestView.swift */; };
		83C2BD0C28CF90300069F795 /* PullToRefresh.swift in Sources */ = {isa = PBXBuildFile; fileRef = 83C2BD0B28CF90300069F795 /* PullToRefresh.swift */; };
		83DCCC3F28D2C6900072EF96 /* WeatherModels.swift in Sources */ = {isa = PBXBuildFile; fileRef = 83DCCC3E28D2C6900072EF96 /* WeatherModels.swift */; };
		83DCCC4128D2C9410072EF96 /* WeatherFunctions.swift in Sources */ = {isa = PBXBuildFile; fileRef = 83DCCC4028D2C9410072EF96 /* WeatherFunctions.swift */; };
		83DCCC4328D3CE040072EF96 /* SettingsScreen.swift in Sources */ = {isa = PBXBuildFile; fileRef = 83DCCC4228D3CE040072EF96 /* SettingsScreen.swift */; };
		83DCCC4528D4B33E0072EF96 /* SendMailView.swift in Sources */ = {isa = PBXBuildFile; fileRef = 83DCCC4428D4B33E0072EF96 /* SendMailView.swift */; };
		83DCCC4828D63ECF0072EF96 /* SwiftUIMailView in Frameworks */ = {isa = PBXBuildFile; productRef = 83DCCC4728D63ECF0072EF96 /* SwiftUIMailView */; };
/* End PBXBuildFile section */

/* Begin PBXFileReference section */
		83008D3828C84AB9006708B2 /* Info.plist */ = {isa = PBXFileReference; lastKnownFileType = text.plist; path = Info.plist; sourceTree = "<group>"; };
		83008D3928C84AD8006708B2 /* K.swift */ = {isa = PBXFileReference; lastKnownFileType = sourcecode.swift; path = K.swift; sourceTree = "<group>"; };
		83008D3E28C8D998006708B2 /* WeatherData.swift */ = {isa = PBXFileReference; lastKnownFileType = sourcecode.swift; path = WeatherData.swift; sourceTree = "<group>"; };
		83B8B5E928BD00850050C441 /* GWeather.app */ = {isa = PBXFileReference; explicitFileType = wrapper.application; includeInIndex = 0; path = GWeather.app; sourceTree = BUILT_PRODUCTS_DIR; };
		83B8B5EC28BD00850050C441 /* GWeatherApp.swift */ = {isa = PBXFileReference; lastKnownFileType = sourcecode.swift; path = GWeatherApp.swift; sourceTree = "<group>"; };
		83B8B5EE28BD00850050C441 /* ContentView.swift */ = {isa = PBXFileReference; lastKnownFileType = sourcecode.swift; path = ContentView.swift; sourceTree = "<group>"; };
		83B8B5F028BD00880050C441 /* Assets.xcassets */ = {isa = PBXFileReference; lastKnownFileType = folder.assetcatalog; path = Assets.xcassets; sourceTree = "<group>"; };
		83B8B5F328BD00880050C441 /* Preview Assets.xcassets */ = {isa = PBXFileReference; lastKnownFileType = folder.assetcatalog; path = "Preview Assets.xcassets"; sourceTree = "<group>"; };
		83B8B5FA28BD08EB0050C441 /* PlacesView.swift */ = {isa = PBXFileReference; lastKnownFileType = sourcecode.swift; path = PlacesView.swift; sourceTree = "<group>"; };
		83B8B5FC28BD0DC60050C441 /* SavedLocationsViews.swift */ = {isa = PBXFileReference; lastKnownFileType = sourcecode.swift; path = SavedLocationsViews.swift; sourceTree = "<group>"; };
		83B8B5FE28BD12F90050C441 /* WeatherViewModel.swift */ = {isa = PBXFileReference; lastKnownFileType = sourcecode.swift; path = WeatherViewModel.swift; sourceTree = "<group>"; };
		83B8B60228BD161C0050C441 /* SearchBarView.swift */ = {isa = PBXFileReference; lastKnownFileType = sourcecode.swift; path = SearchBarView.swift; sourceTree = "<group>"; };
		83B8B60628BD34CB0050C441 /* MyButtonStyle.swift */ = {isa = PBXFileReference; lastKnownFileType = sourcecode.swift; path = MyButtonStyle.swift; sourceTree = "<group>"; };
		83B8B60828BD44120050C441 /* TimeRangeView.swift */ = {isa = PBXFileReference; lastKnownFileType = sourcecode.swift; path = TimeRangeView.swift; sourceTree = "<group>"; };
		83B8B60A28BD48530050C441 /* TodayView.swift */ = {isa = PBXFileReference; lastKnownFileType = sourcecode.swift; path = TodayView.swift; sourceTree = "<group>"; };
		83B8B60C28BD68970050C441 /* SwiftUIView.swift */ = {isa = PBXFileReference; lastKnownFileType = sourcecode.swift; path = SwiftUIView.swift; sourceTree = "<group>"; };
		83B8B61028BF082D0050C441 /* WeatherTabViews.swift */ = {isa = PBXFileReference; lastKnownFileType = sourcecode.swift; path = WeatherTabViews.swift; sourceTree = "<group>"; };
		83B8B61228BFCA370050C441 /* TodayDetailsView.swift */ = {isa = PBXFileReference; lastKnownFileType = sourcecode.swift; path = TodayDetailsView.swift; sourceTree = "<group>"; };
		83B8B61528BFEFB10050C441 /* HourlyTempsView.swift */ = {isa = PBXFileReference; lastKnownFileType = sourcecode.swift; path = HourlyTempsView.swift; sourceTree = "<group>"; };
		83B8B61728C12CBC0050C441 /* TomorrowView.swift */ = {isa = PBXFileReference; lastKnownFileType = sourcecode.swift; path = TomorrowView.swift; sourceTree = "<group>"; };
		83B8B61928C12CD50050C441 /* DailyView.swift */ = {isa = PBXFileReference; lastKnownFileType = sourcecode.swift; path = DailyView.swift; sourceTree = "<group>"; };
		83B8B61D28C24ACD0050C441 /* DailyViewCell.swift */ = {isa = PBXFileReference; lastKnownFileType = sourcecode.swift; path = DailyViewCell.swift; sourceTree = "<group>"; };
		83B8B62128C3FB200050C441 /* TestView.swift */ = {isa = PBXFileReference; lastKnownFileType = sourcecode.swift; path = TestView.swift; sourceTree = "<group>"; };
		83C2BD0B28CF90300069F795 /* PullToRefresh.swift */ = {isa = PBXFileReference; lastKnownFileType = sourcecode.swift; path = PullToRefresh.swift; sourceTree = "<group>"; };
		83DCCC3E28D2C6900072EF96 /* WeatherModels.swift */ = {isa = PBXFileReference; lastKnownFileType = sourcecode.swift; path = WeatherModels.swift; sourceTree = "<group>"; };
		83DCCC4028D2C9410072EF96 /* WeatherFunctions.swift */ = {isa = PBXFileReference; lastKnownFileType = sourcecode.swift; path = WeatherFunctions.swift; sourceTree = "<group>"; };
		83DCCC4228D3CE040072EF96 /* SettingsScreen.swift */ = {isa = PBXFileReference; lastKnownFileType = sourcecode.swift; path = SettingsScreen.swift; sourceTree = "<group>"; };
		83DCCC4428D4B33E0072EF96 /* SendMailView.swift */ = {isa = PBXFileReference; lastKnownFileType = sourcecode.swift; path = SendMailView.swift; sourceTree = "<group>"; };
/* End PBXFileReference section */

/* Begin PBXFrameworksBuildPhase section */
		83B8B5E628BD00850050C441 /* Frameworks */ = {
			isa = PBXFrameworksBuildPhase;
			buildActionMask = 2147483647;
			files = (
				83DCCC4828D63ECF0072EF96 /* SwiftUIMailView in Frameworks */,
			);
			runOnlyForDeploymentPostprocessing = 0;
		};
/* End PBXFrameworksBuildPhase section */

/* Begin PBXGroup section */
		83008D3D28C85095006708B2 /* Model */ = {
			isa = PBXGroup;
			children = (
				83008D3E28C8D998006708B2 /* WeatherData.swift */,
				83DCCC3E28D2C6900072EF96 /* WeatherModels.swift */,
				83DCCC4028D2C9410072EF96 /* WeatherFunctions.swift */,
			);
			path = Model;
			sourceTree = "<group>";
		};
		83B8B5E028BD00850050C441 = {
			isa = PBXGroup;
			children = (
				83B8B5EB28BD00850050C441 /* GWeather */,
				83B8B5EA28BD00850050C441 /* Products */,
			);
			sourceTree = "<group>";
		};
		83B8B5EA28BD00850050C441 /* Products */ = {
			isa = PBXGroup;
			children = (
				83B8B5E928BD00850050C441 /* GWeather.app */,
			);
			name = Products;
			sourceTree = "<group>";
		};
		83B8B5EB28BD00850050C441 /* GWeather */ = {
			isa = PBXGroup;
			children = (
				83008D3828C84AB9006708B2 /* Info.plist */,
				83B8B5EC28BD00850050C441 /* GWeatherApp.swift */,
				83008D3D28C85095006708B2 /* Model */,
				83B8B60128BD145F0050C441 /* Views */,
				83B8B60028BD14560050C441 /* ViewModels */,
				83B8B61B28C180F20050C441 /* Test */,
				83B8B5F028BD00880050C441 /* Assets.xcassets */,
				83B8B5F228BD00880050C441 /* Preview Content */,
			);
			path = GWeather;
			sourceTree = "<group>";
		};
		83B8B5F228BD00880050C441 /* Preview Content */ = {
			isa = PBXGroup;
			children = (
				83B8B5F328BD00880050C441 /* Preview Assets.xcassets */,
			);
			path = "Preview Content";
			sourceTree = "<group>";
		};
		83B8B60028BD14560050C441 /* ViewModels */ = {
			isa = PBXGroup;
			children = (
				83B8B5FE28BD12F90050C441 /* WeatherViewModel.swift */,
				83008D3928C84AD8006708B2 /* K.swift */,
			);
			path = ViewModels;
			sourceTree = "<group>";
		};
		83B8B60128BD145F0050C441 /* Views */ = {
			isa = PBXGroup;
			children = (
				83B8B5EE28BD00850050C441 /* ContentView.swift */,
				83B8B61028BF082D0050C441 /* WeatherTabViews.swift */,
				83B8B60228BD161C0050C441 /* SearchBarView.swift */,
				83B8B60828BD44120050C441 /* TimeRangeView.swift */,
				83DCCC4228D3CE040072EF96 /* SettingsScreen.swift */,
				83DCCC4428D4B33E0072EF96 /* SendMailView.swift */,
				83B8B61428BFEF9D0050C441 /* Today */,
				83B8B62028C24FA00050C441 /* Tomorrow */,
				83B8B61C28C247720050C441 /* Daily */,
				83B8B61F28C24F8A0050C441 /* Places */,
			);
			path = Views;
			sourceTree = "<group>";
		};
		83B8B61428BFEF9D0050C441 /* Today */ = {
			isa = PBXGroup;
			children = (
				83B8B60A28BD48530050C441 /* TodayView.swift */,
				83B8B61228BFCA370050C441 /* TodayDetailsView.swift */,
				83B8B61528BFEFB10050C441 /* HourlyTempsView.swift */,
			);
			path = Today;
			sourceTree = "<group>";
		};
		83B8B61B28C180F20050C441 /* Test */ = {
			isa = PBXGroup;
			children = (
				83C2BD0B28CF90300069F795 /* PullToRefresh.swift */,
				83B8B60628BD34CB0050C441 /* MyButtonStyle.swift */,
				83B8B60C28BD68970050C441 /* SwiftUIView.swift */,
				83B8B62128C3FB200050C441 /* TestView.swift */,
			);
			path = Test;
			sourceTree = "<group>";
		};
		83B8B61C28C247720050C441 /* Daily */ = {
			isa = PBXGroup;
			children = (
				83B8B61928C12CD50050C441 /* DailyView.swift */,
				83B8B61D28C24ACD0050C441 /* DailyViewCell.swift */,
			);
			path = Daily;
			sourceTree = "<group>";
		};
		83B8B61F28C24F8A0050C441 /* Places */ = {
			isa = PBXGroup;
			children = (
				83B8B5FA28BD08EB0050C441 /* PlacesView.swift */,
				83B8B5FC28BD0DC60050C441 /* SavedLocationsViews.swift */,
			);
			path = Places;
			sourceTree = "<group>";
		};
		83B8B62028C24FA00050C441 /* Tomorrow */ = {
			isa = PBXGroup;
			children = (
				83B8B61728C12CBC0050C441 /* TomorrowView.swift */,
			);
			path = Tomorrow;
			sourceTree = "<group>";
		};
/* End PBXGroup section */

/* Begin PBXNativeTarget section */
		83B8B5E828BD00850050C441 /* GWeather */ = {
			isa = PBXNativeTarget;
			buildConfigurationList = 83B8B5F728BD00880050C441 /* Build configuration list for PBXNativeTarget "GWeather" */;
			buildPhases = (
				83B8B5E528BD00850050C441 /* Sources */,
				83B8B5E628BD00850050C441 /* Frameworks */,
				83B8B5E728BD00850050C441 /* Resources */,
			);
			buildRules = (
			);
			dependencies = (
			);
			name = GWeather;
			packageProductDependencies = (
				83DCCC4728D63ECF0072EF96 /* SwiftUIMailView */,
			);
			productName = GWeather;
			productReference = 83B8B5E928BD00850050C441 /* GWeather.app */;
			productType = "com.apple.product-type.application";
		};
/* End PBXNativeTarget section */

/* Begin PBXProject section */
		83B8B5E128BD00850050C441 /* Project object */ = {
			isa = PBXProject;
			attributes = {
				BuildIndependentTargetsInParallel = 1;
				LastSwiftUpdateCheck = 1340;
				LastUpgradeCheck = 1340;
				TargetAttributes = {
					83B8B5E828BD00850050C441 = {
						CreatedOnToolsVersion = 13.4.1;
					};
				};
			};
			buildConfigurationList = 83B8B5E428BD00850050C441 /* Build configuration list for PBXProject "GWeather" */;
			compatibilityVersion = "Xcode 13.0";
			developmentRegion = en;
			hasScannedForEncodings = 0;
			knownRegions = (
				en,
				Base,
			);
			mainGroup = 83B8B5E028BD00850050C441;
			packageReferences = (
				83DCCC4628D63ECE0072EF96 /* XCRemoteSwiftPackageReference "swiftui-mail-view" */,
			);
			productRefGroup = 83B8B5EA28BD00850050C441 /* Products */;
			projectDirPath = "";
			projectRoot = "";
			targets = (
				83B8B5E828BD00850050C441 /* GWeather */,
			);
		};
/* End PBXProject section */

/* Begin PBXResourcesBuildPhase section */
		83B8B5E728BD00850050C441 /* Resources */ = {
			isa = PBXResourcesBuildPhase;
			buildActionMask = 2147483647;
			files = (
				83B8B5F428BD00880050C441 /* Preview Assets.xcassets in Resources */,
				83B8B5F128BD00880050C441 /* Assets.xcassets in Resources */,
			);
			runOnlyForDeploymentPostprocessing = 0;
		};
/* End PBXResourcesBuildPhase section */

/* Begin PBXSourcesBuildPhase section */
		83B8B5E528BD00850050C441 /* Sources */ = {
			isa = PBXSourcesBuildPhase;
			buildActionMask = 2147483647;
			files = (
				83B8B5FF28BD12F90050C441 /* WeatherViewModel.swift in Sources */,
				83DCCC3F28D2C6900072EF96 /* WeatherModels.swift in Sources */,
				83B8B60728BD34CB0050C441 /* MyButtonStyle.swift in Sources */,
				83B8B61128BF082D0050C441 /* WeatherTabViews.swift in Sources */,
				83B8B61A28C12CD50050C441 /* DailyView.swift in Sources */,
				83DCCC4528D4B33E0072EF96 /* SendMailView.swift in Sources */,
				83DCCC4328D3CE040072EF96 /* SettingsScreen.swift in Sources */,
				83B8B5FB28BD08EB0050C441 /* PlacesView.swift in Sources */,
				83B8B5FD28BD0DC60050C441 /* SavedLocationsViews.swift in Sources */,
				83008D3F28C8D998006708B2 /* WeatherData.swift in Sources */,
				83B8B61828C12CBC0050C441 /* TomorrowView.swift in Sources */,
				83B8B60D28BD68970050C441 /* SwiftUIView.swift in Sources */,
				83B8B62228C3FB200050C441 /* TestView.swift in Sources */,
				83008D3A28C84AD8006708B2 /* K.swift in Sources */,
				83B8B60B28BD48530050C441 /* TodayView.swift in Sources */,
				83B8B61328BFCA370050C441 /* TodayDetailsView.swift in Sources */,
				83C2BD0C28CF90300069F795 /* PullToRefresh.swift in Sources */,
				83B8B5EF28BD00850050C441 /* ContentView.swift in Sources */,
				83DCCC4128D2C9410072EF96 /* WeatherFunctions.swift in Sources */,
				83B8B60928BD44120050C441 /* TimeRangeView.swift in Sources */,
				83B8B61E28C24ACD0050C441 /* DailyViewCell.swift in Sources */,
				83B8B61628BFEFB10050C441 /* HourlyTempsView.swift in Sources */,
				83B8B60328BD161C0050C441 /* SearchBarView.swift in Sources */,
				83B8B5ED28BD00850050C441 /* GWeatherApp.swift in Sources */,
			);
			runOnlyForDeploymentPostprocessing = 0;
		};
/* End PBXSourcesBuildPhase section */

/* Begin XCBuildConfiguration section */
		83B8B5F528BD00880050C441 /* Debug */ = {
			isa = XCBuildConfiguration;
			buildSettings = {
				ALWAYS_SEARCH_USER_PATHS = NO;
				CLANG_ANALYZER_NONNULL = YES;
				CLANG_ANALYZER_NUMBER_OBJECT_CONVERSION = YES_AGGRESSIVE;
				CLANG_CXX_LANGUAGE_STANDARD = "gnu++17";
				CLANG_ENABLE_MODULES = YES;
				CLANG_ENABLE_OBJC_ARC = YES;
				CLANG_ENABLE_OBJC_WEAK = YES;
				CLANG_WARN_BLOCK_CAPTURE_AUTORELEASING = YES;
				CLANG_WARN_BOOL_CONVERSION = YES;
				CLANG_WARN_COMMA = YES;
				CLANG_WARN_CONSTANT_CONVERSION = YES;
				CLANG_WARN_DEPRECATED_OBJC_IMPLEMENTATIONS = YES;
				CLANG_WARN_DIRECT_OBJC_ISA_USAGE = YES_ERROR;
				CLANG_WARN_DOCUMENTATION_COMMENTS = YES;
				CLANG_WARN_EMPTY_BODY = YES;
				CLANG_WARN_ENUM_CONVERSION = YES;
				CLANG_WARN_INFINITE_RECURSION = YES;
				CLANG_WARN_INT_CONVERSION = YES;
				CLANG_WARN_NON_LITERAL_NULL_CONVERSION = YES;
				CLANG_WARN_OBJC_IMPLICIT_RETAIN_SELF = YES;
				CLANG_WARN_OBJC_LITERAL_CONVERSION = YES;
				CLANG_WARN_OBJC_ROOT_CLASS = YES_ERROR;
				CLANG_WARN_QUOTED_INCLUDE_IN_FRAMEWORK_HEADER = YES;
				CLANG_WARN_RANGE_LOOP_ANALYSIS = YES;
				CLANG_WARN_STRICT_PROTOTYPES = YES;
				CLANG_WARN_SUSPICIOUS_MOVE = YES;
				CLANG_WARN_UNGUARDED_AVAILABILITY = YES_AGGRESSIVE;
				CLANG_WARN_UNREACHABLE_CODE = YES;
				CLANG_WARN__DUPLICATE_METHOD_MATCH = YES;
				COPY_PHASE_STRIP = NO;
				DEBUG_INFORMATION_FORMAT = dwarf;
				ENABLE_STRICT_OBJC_MSGSEND = YES;
				ENABLE_TESTABILITY = YES;
				GCC_C_LANGUAGE_STANDARD = gnu11;
				GCC_DYNAMIC_NO_PIC = NO;
				GCC_NO_COMMON_BLOCKS = YES;
				GCC_OPTIMIZATION_LEVEL = 0;
				GCC_PREPROCESSOR_DEFINITIONS = (
					"DEBUG=1",
					"$(inherited)",
				);
				GCC_WARN_64_TO_32_BIT_CONVERSION = YES;
				GCC_WARN_ABOUT_RETURN_TYPE = YES_ERROR;
				GCC_WARN_UNDECLARED_SELECTOR = YES;
				GCC_WARN_UNINITIALIZED_AUTOS = YES_AGGRESSIVE;
				GCC_WARN_UNUSED_FUNCTION = YES;
				GCC_WARN_UNUSED_VARIABLE = YES;
				IPHONEOS_DEPLOYMENT_TARGET = 15.5;
				MTL_ENABLE_DEBUG_INFO = INCLUDE_SOURCE;
				MTL_FAST_MATH = YES;
				ONLY_ACTIVE_ARCH = YES;
				SDKROOT = iphoneos;
				SWIFT_ACTIVE_COMPILATION_CONDITIONS = DEBUG;
				SWIFT_OPTIMIZATION_LEVEL = "-Onone";
			};
			name = Debug;
		};
		83B8B5F628BD00880050C441 /* Release */ = {
			isa = XCBuildConfiguration;
			buildSettings = {
				ALWAYS_SEARCH_USER_PATHS = NO;
				CLANG_ANALYZER_NONNULL = YES;
				CLANG_ANALYZER_NUMBER_OBJECT_CONVERSION = YES_AGGRESSIVE;
				CLANG_CXX_LANGUAGE_STANDARD = "gnu++17";
				CLANG_ENABLE_MODULES = YES;
				CLANG_ENABLE_OBJC_ARC = YES;
				CLANG_ENABLE_OBJC_WEAK = YES;
				CLANG_WARN_BLOCK_CAPTURE_AUTORELEASING = YES;
				CLANG_WARN_BOOL_CONVERSION = YES;
				CLANG_WARN_COMMA = YES;
				CLANG_WARN_CONSTANT_CONVERSION = YES;
				CLANG_WARN_DEPRECATED_OBJC_IMPLEMENTATIONS = YES;
				CLANG_WARN_DIRECT_OBJC_ISA_USAGE = YES_ERROR;
				CLANG_WARN_DOCUMENTATION_COMMENTS = YES;
				CLANG_WARN_EMPTY_BODY = YES;
				CLANG_WARN_ENUM_CONVERSION = YES;
				CLANG_WARN_INFINITE_RECURSION = YES;
				CLANG_WARN_INT_CONVERSION = YES;
				CLANG_WARN_NON_LITERAL_NULL_CONVERSION = YES;
				CLANG_WARN_OBJC_IMPLICIT_RETAIN_SELF = YES;
				CLANG_WARN_OBJC_LITERAL_CONVERSION = YES;
				CLANG_WARN_OBJC_ROOT_CLASS = YES_ERROR;
				CLANG_WARN_QUOTED_INCLUDE_IN_FRAMEWORK_HEADER = YES;
				CLANG_WARN_RANGE_LOOP_ANALYSIS = YES;
				CLANG_WARN_STRICT_PROTOTYPES = YES;
				CLANG_WARN_SUSPICIOUS_MOVE = YES;
				CLANG_WARN_UNGUARDED_AVAILABILITY = YES_AGGRESSIVE;
				CLANG_WARN_UNREACHABLE_CODE = YES;
				CLANG_WARN__DUPLICATE_METHOD_MATCH = YES;
				COPY_PHASE_STRIP = NO;
				DEBUG_INFORMATION_FORMAT = "dwarf-with-dsym";
				ENABLE_NS_ASSERTIONS = NO;
				ENABLE_STRICT_OBJC_MSGSEND = YES;
				GCC_C_LANGUAGE_STANDARD = gnu11;
				GCC_NO_COMMON_BLOCKS = YES;
				GCC_WARN_64_TO_32_BIT_CONVERSION = YES;
				GCC_WARN_ABOUT_RETURN_TYPE = YES_ERROR;
				GCC_WARN_UNDECLARED_SELECTOR = YES;
				GCC_WARN_UNINITIALIZED_AUTOS = YES_AGGRESSIVE;
				GCC_WARN_UNUSED_FUNCTION = YES;
				GCC_WARN_UNUSED_VARIABLE = YES;
				IPHONEOS_DEPLOYMENT_TARGET = 15.5;
				MTL_ENABLE_DEBUG_INFO = NO;
				MTL_FAST_MATH = YES;
				SDKROOT = iphoneos;
				SWIFT_COMPILATION_MODE = wholemodule;
				SWIFT_OPTIMIZATION_LEVEL = "-O";
				VALIDATE_PRODUCT = YES;
			};
			name = Release;
		};
		83B8B5F828BD00880050C441 /* Debug */ = {
			isa = XCBuildConfiguration;
			buildSettings = {
				ASSETCATALOG_COMPILER_APPICON_NAME = AppIcon;
				ASSETCATALOG_COMPILER_GLOBAL_ACCENT_COLOR_NAME = AccentColor;
				CODE_SIGN_STYLE = Automatic;
				CURRENT_PROJECT_VERSION = 1;
				DEVELOPMENT_ASSET_PATHS = "\"GWeather/Preview Content\"";
				DEVELOPMENT_TEAM = QNXV57SQKM;
				ENABLE_PREVIEWS = YES;
				GENERATE_INFOPLIST_FILE = YES;
				INFOPLIST_FILE = GWeather/Info.plist;
				INFOPLIST_KEY_NSLocationWhenInUseUsageDescription = "We need your location to provide relevant weather data.";
				INFOPLIST_KEY_UIApplicationSceneManifest_Generation = YES;
				INFOPLIST_KEY_UIApplicationSupportsIndirectInputEvents = YES;
				INFOPLIST_KEY_UILaunchScreen_Generation = YES;
				INFOPLIST_KEY_UISupportedInterfaceOrientations_iPad = "UIInterfaceOrientationPortrait UIInterfaceOrientationPortraitUpsideDown UIInterfaceOrientationLandscapeLeft UIInterfaceOrientationLandscapeRight";
				INFOPLIST_KEY_UISupportedInterfaceOrientations_iPhone = "UIInterfaceOrientationPortrait UIInterfaceOrientationLandscapeLeft UIInterfaceOrientationLandscapeRight";
				LD_RUNPATH_SEARCH_PATHS = (
					"$(inherited)",
					"@executable_path/Frameworks",
				);
				MARKETING_VERSION = 1.0;
				PRODUCT_BUNDLE_IDENTIFIER = com.sannideveloper.GWeather;
				PRODUCT_NAME = "$(TARGET_NAME)";
				SWIFT_EMIT_LOC_STRINGS = YES;
				SWIFT_VERSION = 5.0;
				TARGETED_DEVICE_FAMILY = "1,2";
			};
			name = Debug;
		};
		83B8B5F928BD00880050C441 /* Release */ = {
			isa = XCBuildConfiguration;
			buildSettings = {
				ASSETCATALOG_COMPILER_APPICON_NAME = AppIcon;
				ASSETCATALOG_COMPILER_GLOBAL_ACCENT_COLOR_NAME = AccentColor;
				CODE_SIGN_STYLE = Automatic;
				CURRENT_PROJECT_VERSION = 1;
				DEVELOPMENT_ASSET_PATHS = "\"GWeather/Preview Content\"";
				DEVELOPMENT_TEAM = QNXV57SQKM;
				ENABLE_PREVIEWS = YES;
				GENERATE_INFOPLIST_FILE = YES;
				INFOPLIST_FILE = GWeather/Info.plist;
				INFOPLIST_KEY_NSLocationWhenInUseUsageDescription = "We need your location to provide relevant weather data.";
				INFOPLIST_KEY_UIApplicationSceneManifest_Generation = YES;
				INFOPLIST_KEY_UIApplicationSupportsIndirectInputEvents = YES;
				INFOPLIST_KEY_UILaunchScreen_Generation = YES;
				INFOPLIST_KEY_UISupportedInterfaceOrientations_iPad = "UIInterfaceOrientationPortrait UIInterfaceOrientationPortraitUpsideDown UIInterfaceOrientationLandscapeLeft UIInterfaceOrientationLandscapeRight";
				INFOPLIST_KEY_UISupportedInterfaceOrientations_iPhone = "UIInterfaceOrientationPortrait UIInterfaceOrientationLandscapeLeft UIInterfaceOrientationLandscapeRight";
				LD_RUNPATH_SEARCH_PATHS = (
					"$(inherited)",
					"@executable_path/Frameworks",
				);
				MARKETING_VERSION = 1.0;
				PRODUCT_BUNDLE_IDENTIFIER = com.sannideveloper.GWeather;
				PRODUCT_NAME = "$(TARGET_NAME)";
				SWIFT_EMIT_LOC_STRINGS = YES;
				SWIFT_VERSION = 5.0;
				TARGETED_DEVICE_FAMILY = "1,2";
			};
			name = Release;
		};
/* End XCBuildConfiguration section */

/* Begin XCConfigurationList section */
		83B8B5E428BD00850050C441 /* Build configuration list for PBXProject "GWeather" */ = {
			isa = XCConfigurationList;
			buildConfigurations = (
				83B8B5F528BD00880050C441 /* Debug */,
				83B8B5F628BD00880050C441 /* Release */,
			);
			defaultConfigurationIsVisible = 0;
			defaultConfigurationName = Release;
		};
		83B8B5F728BD00880050C441 /* Build configuration list for PBXNativeTarget "GWeather" */ = {
			isa = XCConfigurationList;
			buildConfigurations = (
				83B8B5F828BD00880050C441 /* Debug */,
				83B8B5F928BD00880050C441 /* Release */,
			);
			defaultConfigurationIsVisible = 0;
			defaultConfigurationName = Release;
		};
/* End XCConfigurationList section */

/* Begin XCRemoteSwiftPackageReference section */
		83DCCC4628D63ECE0072EF96 /* XCRemoteSwiftPackageReference "swiftui-mail-view" */ = {
			isa = XCRemoteSwiftPackageReference;
			repositoryURL = "https://github.com/globulus/swiftui-mail-view.git";
			requirement = {
				kind = upToNextMajorVersion;
				minimumVersion = 1.0.0;
			};
		};
/* End XCRemoteSwiftPackageReference section */

/* Begin XCSwiftPackageProductDependency section */
		83DCCC4728D63ECF0072EF96 /* SwiftUIMailView */ = {
			isa = XCSwiftPackageProductDependency;
			package = 83DCCC4628D63ECE0072EF96 /* XCRemoteSwiftPackageReference "swiftui-mail-view" */;
			productName = SwiftUIMailView;
		};
/* End XCSwiftPackageProductDependency section */
	};
	rootObject = 83B8B5E128BD00850050C441 /* Project object */;
}
