// !$*UTF8*$!
{
	archiveVersion = 1;
	classes = {
	};
	objectVersion = 55;
	objects = {

/* Begin PBXBuildFile section */
		83008D3A28C84AD8006708B2 /* K.swift in Sources */ = {isa = PBXBuildFile; fileRef = 83008D3928C84AD8006708B2 /* K.swift */; };
		83008D3F28C8D998006708B2 /* WeatherData.swift in Sources */ = {isa = PBXBuildFile; fileRef = 83008D3E28C8D998006708B2 /* WeatherData.swift */; };
		83454DD6293D563C006DFDC0 /* HourlyBarGraphView.swift in Sources */ = {isa = PBXBuildFile; fileRef = 83454DD5293D563C006DFDC0 /* HourlyBarGraphView.swift */; };
		83454DDA293E8AC9006DFDC0 /* Enums.swift in Sources */ = {isa = PBXBuildFile; fileRef = 83454DD9293E8AC9006DFDC0 /* Enums.swift */; };
		838398D528ED17D4007804CD /* GeocodeData.swift in Sources */ = {isa = PBXBuildFile; fileRef = 838398D428ED17D4007804CD /* GeocodeData.swift */; };
		83B69E1F2905E99B00BA27EF /* Launch Screen.storyboard in Resources */ = {isa = PBXBuildFile; fileRef = 83B69E1E2905E99B00BA27EF /* Launch Screen.storyboard */; };
		83B8B5ED28BD00850050C441 /* GWeatherApp.swift in Sources */ = {isa = PBXBuildFile; fileRef = 83B8B5EC28BD00850050C441 /* GWeatherApp.swift */; };
		83B8B5EF28BD00850050C441 /* ContentView.swift in Sources */ = {isa = PBXBuildFile; fileRef = 83B8B5EE28BD00850050C441 /* ContentView.swift */; };
		83B8B5F128BD00880050C441 /* Assets.xcassets in Resources */ = {isa = PBXBuildFile; fileRef = 83B8B5F028BD00880050C441 /* Assets.xcassets */; };
		83B8B5F428BD00880050C441 /* Preview Assets.xcassets in Resources */ = {isa = PBXBuildFile; fileRef = 83B8B5F328BD00880050C441 /* Preview Assets.xcassets */; };
		83B8B5FB28BD08EB0050C441 /* PlacesView.swift in Sources */ = {isa = PBXBuildFile; fileRef = 83B8B5FA28BD08EB0050C441 /* PlacesView.swift */; };
		83B8B5FD28BD0DC60050C441 /* SavedLocationsViews.swift in Sources */ = {isa = PBXBuildFile; fileRef = 83B8B5FC28BD0DC60050C441 /* SavedLocationsViews.swift */; };
		83B8B5FF28BD12F90050C441 /* WeatherViewModel.swift in Sources */ = {isa = PBXBuildFile; fileRef = 83B8B5FE28BD12F90050C441 /* WeatherViewModel.swift */; };
		83B8B60328BD161C0050C441 /* SearchBarView.swift in Sources */ = {isa = PBXBuildFile; fileRef = 83B8B60228BD161C0050C441 /* SearchBarView.swift */; };
		83B8B60928BD44120050C441 /* TimeRangeView.swift in Sources */ = {isa = PBXBuildFile; fileRef = 83B8B60828BD44120050C441 /* TimeRangeView.swift */; };
		83B8B60B28BD48530050C441 /* TodayView.swift in Sources */ = {isa = PBXBuildFile; fileRef = 83B8B60A28BD48530050C441 /* TodayView.swift */; };
		83B8B61128BF082D0050C441 /* WeatherTabViews.swift in Sources */ = {isa = PBXBuildFile; fileRef = 83B8B61028BF082D0050C441 /* WeatherTabViews.swift */; };
		83B8B61328BFCA370050C441 /* TodayDetailsView.swift in Sources */ = {isa = PBXBuildFile; fileRef = 83B8B61228BFCA370050C441 /* TodayDetailsView.swift */; };
		83B8B61628BFEFB10050C441 /* HourlyTempsView.swift in Sources */ = {isa = PBXBuildFile; fileRef = 83B8B61528BFEFB10050C441 /* HourlyTempsView.swift */; };
		83B8B61828C12CBC0050C441 /* TomorrowView.swift in Sources */ = {isa = PBXBuildFile; fileRef = 83B8B61728C12CBC0050C441 /* TomorrowView.swift */; };
		83B8B61A28C12CD50050C441 /* DailyView.swift in Sources */ = {isa = PBXBuildFile; fileRef = 83B8B61928C12CD50050C441 /* DailyView.swift */; };
		83B8B61E28C24ACD0050C441 /* DailyViewCell.swift in Sources */ = {isa = PBXBuildFile; fileRef = 83B8B61D28C24ACD0050C441 /* DailyViewCell.swift */; };
		83DCCC3F28D2C6900072EF96 /* WeatherModels.swift in Sources */ = {isa = PBXBuildFile; fileRef = 83DCCC3E28D2C6900072EF96 /* WeatherModels.swift */; };
		83DCCC4328D3CE040072EF96 /* SettingsScreen.swift in Sources */ = {isa = PBXBuildFile; fileRef = 83DCCC4228D3CE040072EF96 /* SettingsScreen.swift */; };
		83DCCC4528D4B33E0072EF96 /* SendMailView.swift in Sources */ = {isa = PBXBuildFile; fileRef = 83DCCC4428D4B33E0072EF96 /* SendMailView.swift */; };
		83DCCC4828D63ECF0072EF96 /* SwiftUIMailView in Frameworks */ = {isa = PBXBuildFile; productRef = 83DCCC4728D63ECF0072EF96 /* SwiftUIMailView */; };
		83DE016A28F735670037D085 /* TomorrowDetailsView.swift in Sources */ = {isa = PBXBuildFile; fileRef = 83DE016928F735660037D085 /* TomorrowDetailsView.swift */; };
		83F7D64628F0ED5F00DEB85C /* Places.xcdatamodeld in Sources */ = {isa = PBXBuildFile; fileRef = 83F7D64428F0ED5F00DEB85C /* Places.xcdatamodeld */; };
		83F7D64C28F13B4200DEB85C /* PersistenceController.swift in Sources */ = {isa = PBXBuildFile; fileRef = 83F7D64B28F13B4200DEB85C /* PersistenceController.swift */; };
		83F7D65328F1F2BF00DEB85C /* Place+CoreDataClass.swift in Sources */ = {isa = PBXBuildFile; fileRef = 83F7D65128F1F2BF00DEB85C /* Place+CoreDataClass.swift */; };
		83F7D65428F1F2BF00DEB85C /* Place+CoreDataProperties.swift in Sources */ = {isa = PBXBuildFile; fileRef = 83F7D65228F1F2BF00DEB85C /* Place+CoreDataProperties.swift */; };
		83F7D65628F3528000DEB85C /* Utils.swift in Sources */ = {isa = PBXBuildFile; fileRef = 83F7D65528F3528000DEB85C /* Utils.swift */; };
		83F8D041291117910023F877 /* SettingsView.swift in Sources */ = {isa = PBXBuildFile; fileRef = 83F8D040291117910023F877 /* SettingsView.swift */; };
/* End PBXBuildFile section */

/* Begin PBXFileReference section */
		83008D3828C84AB9006708B2 /* Info.plist */ = {isa = PBXFileReference; lastKnownFileType = text.plist; path = Info.plist; sourceTree = "<group>"; };
		83008D3928C84AD8006708B2 /* K.swift */ = {isa = PBXFileReference; lastKnownFileType = sourcecode.swift; path = K.swift; sourceTree = "<group>"; };
		83008D3E28C8D998006708B2 /* WeatherData.swift */ = {isa = PBXFileReference; lastKnownFileType = sourcecode.swift; path = WeatherData.swift; sourceTree = "<group>"; };
		83454DD5293D563C006DFDC0 /* HourlyBarGraphView.swift */ = {isa = PBXFileReference; lastKnownFileType = sourcecode.swift; path = HourlyBarGraphView.swift; sourceTree = "<group>"; };
		83454DD9293E8AC9006DFDC0 /* Enums.swift */ = {isa = PBXFileReference; lastKnownFileType = sourcecode.swift; path = Enums.swift; sourceTree = "<group>"; };
		838398D428ED17D4007804CD /* GeocodeData.swift */ = {isa = PBXFileReference; lastKnownFileType = sourcecode.swift; path = GeocodeData.swift; sourceTree = "<group>"; };
		83B69E1E2905E99B00BA27EF /* Launch Screen.storyboard */ = {isa = PBXFileReference; lastKnownFileType = file.storyboard; path = "Launch Screen.storyboard"; sourceTree = "<group>"; };
		83B8B5E928BD00850050C441 /* GWeather.app */ = {isa = PBXFileReference; explicitFileType = wrapper.application; includeInIndex = 0; path = GWeather.app; sourceTree = BUILT_PRODUCTS_DIR; };
		83B8B5EC28BD00850050C441 /* GWeatherApp.swift */ = {isa = PBXFileReference; lastKnownFileType = sourcecode.swift; path = GWeatherApp.swift; sourceTree = "<group>"; };
		83B8B5EE28BD00850050C441 /* ContentView.swift */ = {isa = PBXFileReference; lastKnownFileType = sourcecode.swift; path = ContentView.swift; sourceTree = "<group>"; };
		83B8B5F028BD00880050C441 /* Assets.xcassets */ = {isa = PBXFileReference; lastKnownFileType = folder.assetcatalog; path = Assets.xcassets; sourceTree = "<group>"; };
		83B8B5F328BD00880050C441 /* Preview Assets.xcassets */ = {isa = PBXFileReference; lastKnownFileType = folder.assetcatalog; path = "Preview Assets.xcassets"; sourceTree = "<group>"; };
		83B8B5FA28BD08EB0050C441 /* PlacesView.swift */ = {isa = PBXFileReference; lastKnownFileType = sourcecode.swift; path = PlacesView.swift; sourceTree = "<group>"; };
		83B8B5FC28BD0DC60050C441 /* SavedLocationsViews.swift */ = {isa = PBXFileReference; lastKnownFileType = sourcecode.swift; path = SavedLocationsViews.swift; sourceTree = "<group>"; };
		83B8B5FE28BD12F90050C441 /* WeatherViewModel.swift */ = {isa = PBXFileReference; lastKnownFileType = sourcecode.swift; path = WeatherViewModel.swift; sourceTree = "<group>"; };
		83B8B60228BD161C0050C441 /* SearchBarView.swift */ = {isa = PBXFileReference; lastKnownFileType = sourcecode.swift; path = SearchBarView.swift; sourceTree = "<group>"; };
		83B8B60828BD44120050C441 /* TimeRangeView.swift */ = {isa = PBXFileReference; lastKnownFileType = sourcecode.swift; path = TimeRangeView.swift; sourceTree = "<group>"; };
		83B8B60A28BD48530050C441 /* TodayView.swift */ = {isa = PBXFileReference; lastKnownFileType = sourcecode.swift; path = TodayView.swift; sourceTree = "<group>"; };
		83B8B61028BF082D0050C441 /* WeatherTabViews.swift */ = {isa = PBXFileReference; lastKnownFileType = sourcecode.swift; path = WeatherTabViews.swift; sourceTree = "<group>"; };
		83B8B61228BFCA370050C441 /* TodayDetailsView.swift */ = {isa = PBXFileReference; lastKnownFileType = sourcecode.swift; path = TodayDetailsView.swift; sourceTree = "<group>"; };
		83B8B61528BFEFB10050C441 /* HourlyTempsView.swift */ = {isa = PBXFileReference; lastKnownFileType = sourcecode.swift; path = HourlyTempsView.swift; sourceTree = "<group>"; };
		83B8B61728C12CBC0050C441 /* TomorrowView.swift */ = {isa = PBXFileReference; lastKnownFileType = sourcecode.swift; path = TomorrowView.swift; sourceTree = "<group>"; };
		83B8B61928C12CD50050C441 /* DailyView.swift */ = {isa = PBXFileReference; lastKnownFileType = sourcecode.swift; path = DailyView.swift; sourceTree = "<group>"; };
		83B8B61D28C24ACD0050C441 /* DailyViewCell.swift */ = {isa = PBXFileReference; lastKnownFileType = sourcecode.swift; path = DailyViewCell.swift; sourceTree = "<group>"; };
		83DCCC3E28D2C6900072EF96 /* WeatherModels.swift */ = {isa = PBXFileReference; lastKnownFileType = sourcecode.swift; path = WeatherModels.swift; sourceTree = "<group>"; };
		83DCCC4228D3CE040072EF96 /* SettingsScreen.swift */ = {isa = PBXFileReference; lastKnownFileType = sourcecode.swift; path = SettingsScreen.swift; sourceTree = "<group>"; };
		83DCCC4428D4B33E0072EF96 /* SendMailView.swift */ = {isa = PBXFileReference; lastKnownFileType = sourcecode.swift; path = SendMailView.swift; sourceTree = "<group>"; };
		83DE016928F735660037D085 /* TomorrowDetailsView.swift */ = {isa = PBXFileReference; lastKnownFileType = sourcecode.swift; path = TomorrowDetailsView.swift; sourceTree = "<group>"; };
		83F7D64528F0ED5F00DEB85C /* Places.xcdatamodel */ = {isa = PBXFileReference; lastKnownFileType = wrapper.xcdatamodel; path = Places.xcdatamodel; sourceTree = "<group>"; };
		83F7D64B28F13B4200DEB85C /* PersistenceController.swift */ = {isa = PBXFileReference; lastKnownFileType = sourcecode.swift; path = PersistenceController.swift; sourceTree = "<group>"; };
		83F7D65128F1F2BF00DEB85C /* Place+CoreDataClass.swift */ = {isa = PBXFileReference; lastKnownFileType = sourcecode.swift; path = "Place+CoreDataClass.swift"; sourceTree = "<group>"; };
		83F7D65228F1F2BF00DEB85C /* Place+CoreDataProperties.swift */ = {isa = PBXFileReference; lastKnownFileType = sourcecode.swift; path = "Place+CoreDataProperties.swift"; sourceTree = "<group>"; };
		83F7D65528F3528000DEB85C /* Utils.swift */ = {isa = PBXFileReference; lastKnownFileType = sourcecode.swift; path = Utils.swift; sourceTree = "<group>"; };
		83F8D040291117910023F877 /* SettingsView.swift */ = {isa = PBXFileReference; lastKnownFileType = sourcecode.swift; path = SettingsView.swift; sourceTree = "<group>"; };
/* End PBXFileReference section */

/* Begin PBXFrameworksBuildPhase section */
		83B8B5E628BD00850050C441 /* Frameworks */ = {
			isa = PBXFrameworksBuildPhase;
			buildActionMask = 2147483647;
			files = (
				83DCCC4828D63ECF0072EF96 /* SwiftUIMailView in Frameworks */,
			);
			runOnlyForDeploymentPostprocessing = 0;
		};
/* End PBXFrameworksBuildPhase section */

/* Begin PBXGroup section */
		83008D3D28C85095006708B2 /* Model */ = {
			isa = PBXGroup;
			children = (
				83008D3E28C8D998006708B2 /* WeatherData.swift */,
				83DCCC3E28D2C6900072EF96 /* WeatherModels.swift */,
				838398D428ED17D4007804CD /* GeocodeData.swift */,
				83F7D64428F0ED5F00DEB85C /* Places.xcdatamodeld */,
				83F7D65128F1F2BF00DEB85C /* Place+CoreDataClass.swift */,
				83F7D65228F1F2BF00DEB85C /* Place+CoreDataProperties.swift */,
			);
			path = Model;
			sourceTree = "<group>";
		};
		838398D328EBABBA007804CD /* Ultilities */ = {
			isa = PBXGroup;
			children = (
				83454DD9293E8AC9006DFDC0 /* Enums.swift */,
				83008D3928C84AD8006708B2 /* K.swift */,
				83F7D65528F3528000DEB85C /* Utils.swift */,
			);
			path = Ultilities;
			sourceTree = "<group>";
		};
		83B8B5E028BD00850050C441 = {
			isa = PBXGroup;
			children = (
				83B69E1E2905E99B00BA27EF /* Launch Screen.storyboard */,
				83B8B5EB28BD00850050C441 /* GWeather */,
				83B8B5EA28BD00850050C441 /* Products */,
			);
			sourceTree = "<group>";
		};
		83B8B5EA28BD00850050C441 /* Products */ = {
			isa = PBXGroup;
			children = (
				83B8B5E928BD00850050C441 /* GWeather.app */,
			);
			name = Products;
			sourceTree = "<group>";
		};
		83B8B5EB28BD00850050C441 /* GWeather */ = {
			isa = PBXGroup;
			children = (
				83008D3828C84AB9006708B2 /* Info.plist */,
				83B8B5EC28BD00850050C441 /* GWeatherApp.swift */,
				83008D3D28C85095006708B2 /* Model */,
				83B8B60128BD145F0050C441 /* Views */,
				83B8B60028BD14560050C441 /* ViewModels */,
				838398D328EBABBA007804CD /* Ultilities */,
				83B8B5F028BD00880050C441 /* Assets.xcassets */,
				83B8B5F228BD00880050C441 /* Preview Content */,
			);
			path = GWeather;
			sourceTree = "<group>";
		};
		83B8B5F228BD00880050C441 /* Preview Content */ = {
			isa = PBXGroup;
			children = (
				83B8B5F328BD00880050C441 /* Preview Assets.xcassets */,
			);
			path = "Preview Content";
			sourceTree = "<group>";
		};
		83B8B60028BD14560050C441 /* ViewModels */ = {
			isa = PBXGroup;
			children = (
				83B8B5FE28BD12F90050C441 /* WeatherViewModel.swift */,
				83F7D64B28F13B4200DEB85C /* PersistenceController.swift */,
			);
			path = ViewModels;
			sourceTree = "<group>";
		};
		83B8B60128BD145F0050C441 /* Views */ = {
			isa = PBXGroup;
			children = (
				83B8B5EE28BD00850050C441 /* ContentView.swift */,
				83B8B61028BF082D0050C441 /* WeatherTabViews.swift */,
				83B8B60228BD161C0050C441 /* SearchBarView.swift */,
				83B8B60828BD44120050C441 /* TimeRangeView.swift */,
				83DCCC4428D4B33E0072EF96 /* SendMailView.swift */,
				83DCCC4228D3CE040072EF96 /* SettingsScreen.swift */,
				83F8D040291117910023F877 /* SettingsView.swift */,
				83B8B61428BFEF9D0050C441 /* Today */,
				83B8B62028C24FA00050C441 /* Tomorrow */,
				83B8B61C28C247720050C441 /* Daily */,
				83B8B61F28C24F8A0050C441 /* Places */,
			);
			path = Views;
			sourceTree = "<group>";
		};
		83B8B61428BFEF9D0050C441 /* Today */ = {
			isa = PBXGroup;
			children = (
				83B8B60A28BD48530050C441 /* TodayView.swift */,
				83B8B61228BFCA370050C441 /* TodayDetailsView.swift */,
				83B8B61528BFEFB10050C441 /* HourlyTempsView.swift */,
				83454DD5293D563C006DFDC0 /* HourlyBarGraphView.swift */,
			);
			path = Today;
			sourceTree = "<group>";
		};
		83B8B61C28C247720050C441 /* Daily */ = {
			isa = PBXGroup;
			children = (
				83B8B61928C12CD50050C441 /* DailyView.swift */,
				83B8B61D28C24ACD0050C441 /* DailyViewCell.swift */,
			);
			path = Daily;
			sourceTree = "<group>";
		};
		83B8B61F28C24F8A0050C441 /* Places */ = {
			isa = PBXGroup;
			children = (
				83B8B5FA28BD08EB0050C441 /* PlacesView.swift */,
				83B8B5FC28BD0DC60050C441 /* SavedLocationsViews.swift */,
			);
			path = Places;
			sourceTree = "<group>";
		};
		83B8B62028C24FA00050C441 /* Tomorrow */ = {
			isa = PBXGroup;
			children = (
				83B8B61728C12CBC0050C441 /* TomorrowView.swift */,
				83DE016928F735660037D085 /* TomorrowDetailsView.swift */,
			);
			path = Tomorrow;
			sourceTree = "<group>";
		};
/* End PBXGroup section */

/* Begin PBXNativeTarget section */
		83B8B5E828BD00850050C441 /* GWeather */ = {
			isa = PBXNativeTarget;
			buildConfigurationList = 83B8B5F728BD00880050C441 /* Build configuration list for PBXNativeTarget "GWeather" */;
			buildPhases = (
				83B8B5E528BD00850050C441 /* Sources */,
				83B8B5E628BD00850050C441 /* Frameworks */,
				83B8B5E728BD00850050C441 /* Resources */,
			);
			buildRules = (
			);
			dependencies = (
			);
			name = GWeather;
			packageProductDependencies = (
				83DCCC4728D63ECF0072EF96 /* SwiftUIMailView */,
			);
			productName = GWeather;
			productReference = 83B8B5E928BD00850050C441 /* GWeather.app */;
			productType = "com.apple.product-type.application";
		};
/* End PBXNativeTarget section */

/* Begin PBXProject section */
		83B8B5E128BD00850050C441 /* Project object */ = {
			isa = PBXProject;
			attributes = {
				BuildIndependentTargetsInParallel = 1;
				LastSwiftUpdateCheck = 1340;
				LastUpgradeCheck = 1340;
				TargetAttributes = {
					83B8B5E828BD00850050C441 = {
						CreatedOnToolsVersion = 13.4.1;
					};
				};
			};
			buildConfigurationList = 83B8B5E428BD00850050C441 /* Build configuration list for PBXProject "GWeather" */;
			compatibilityVersion = "Xcode 13.0";
			developmentRegion = en;
			hasScannedForEncodings = 0;
			knownRegions = (
				en,
				Base,
			);
			mainGroup = 83B8B5E028BD00850050C441;
			packageReferences = (
				83DCCC4628D63ECE0072EF96 /* XCRemoteSwiftPackageReference "swiftui-mail-view" */,
			);
			productRefGroup = 83B8B5EA28BD00850050C441 /* Products */;
			projectDirPath = "";
			projectRoot = "";
			targets = (
				83B8B5E828BD00850050C441 /* GWeather */,
			);
		};
/* End PBXProject section */

/* Begin PBXResourcesBuildPhase section */
		83B8B5E728BD00850050C441 /* Resources */ = {
			isa = PBXResourcesBuildPhase;
			buildActionMask = 2147483647;
			files = (
				83B69E1F2905E99B00BA27EF /* Launch Screen.storyboard in Resources */,
				83B8B5F428BD00880050C441 /* Preview Assets.xcassets in Resources */,
				83B8B5F128BD00880050C441 /* Assets.xcassets in Resources */,
			);
			runOnlyForDeploymentPostprocessing = 0;
		};
/* End PBXResourcesBuildPhase section */

/* Begin PBXSourcesBuildPhase section */
		83B8B5E528BD00850050C441 /* Sources */ = {
			isa = PBXSourcesBuildPhase;
			buildActionMask = 2147483647;
			files = (
				83B8B5FF28BD12F90050C441 /* WeatherViewModel.swift in Sources */,
				83DCCC3F28D2C6900072EF96 /* WeatherModels.swift in Sources */,
				83F8D041291117910023F877 /* SettingsView.swift in Sources */,
				83B8B61128BF082D0050C441 /* WeatherTabViews.swift in Sources */,
				83B8B61A28C12CD50050C441 /* DailyView.swift in Sources */,
				83DCCC4528D4B33E0072EF96 /* SendMailView.swift in Sources */,
				83DCCC4328D3CE040072EF96 /* SettingsScreen.swift in Sources */,
				83F7D64C28F13B4200DEB85C /* PersistenceController.swift in Sources */,
				83B8B5FB28BD08EB0050C441 /* PlacesView.swift in Sources */,
				83B8B5FD28BD0DC60050C441 /* SavedLocationsViews.swift in Sources */,
				83008D3F28C8D998006708B2 /* WeatherData.swift in Sources */,
				83B8B61828C12CBC0050C441 /* TomorrowView.swift in Sources */,
				83F7D65428F1F2BF00DEB85C /* Place+CoreDataProperties.swift in Sources */,
				83008D3A28C84AD8006708B2 /* K.swift in Sources */,
				83B8B60B28BD48530050C441 /* TodayView.swift in Sources */,
				838398D528ED17D4007804CD /* GeocodeData.swift in Sources */,
				83B8B61328BFCA370050C441 /* TodayDetailsView.swift in Sources */,
				83F7D65628F3528000DEB85C /* Utils.swift in Sources */,
				83B8B5EF28BD00850050C441 /* ContentView.swift in Sources */,
				83B8B60928BD44120050C441 /* TimeRangeView.swift in Sources */,
				83B8B61E28C24ACD0050C441 /* DailyViewCell.swift in Sources */,
				83F7D65328F1F2BF00DEB85C /* Place+CoreDataClass.swift in Sources */,
				83454DD6293D563C006DFDC0 /* HourlyBarGraphView.swift in Sources */,
				83B8B61628BFEFB10050C441 /* HourlyTempsView.swift in Sources */,
				83B8B60328BD161C0050C441 /* SearchBarView.swift in Sources */,
				83454DDA293E8AC9006DFDC0 /* Enums.swift in Sources */,
				83B8B5ED28BD00850050C441 /* GWeatherApp.swift in Sources */,
				83DE016A28F735670037D085 /* TomorrowDetailsView.swift in Sources */,
				83F7D64628F0ED5F00DEB85C /* Places.xcdatamodeld in Sources */,
			);
			runOnlyForDeploymentPostprocessing = 0;
		};
/* End PBXSourcesBuildPhase section */

/* Begin XCBuildConfiguration section */
		83B8B5F528BD00880050C441 /* Debug */ = {
			isa = XCBuildConfiguration;
			buildSettings = {
				ALWAYS_SEARCH_USER_PATHS = NO;
				CLANG_ANALYZER_NONNULL = YES;
				CLANG_ANALYZER_NUMBER_OBJECT_CONVERSION = YES_AGGRESSIVE;
				CLANG_CXX_LANGUAGE_STANDARD = "gnu++17";
				CLANG_ENABLE_MODULES = YES;
				CLANG_ENABLE_OBJC_ARC = YES;
				CLANG_ENABLE_OBJC_WEAK = YES;
				CLANG_WARN_BLOCK_CAPTURE_AUTORELEASING = YES;
				CLANG_WARN_BOOL_CONVERSION = YES;
				CLANG_WARN_COMMA = YES;
				CLANG_WARN_CONSTANT_CONVERSION = YES;
				CLANG_WARN_DEPRECATED_OBJC_IMPLEMENTATIONS = YES;
				CLANG_WARN_DIRECT_OBJC_ISA_USAGE = YES_ERROR;
				CLANG_WARN_DOCUMENTATION_COMMENTS = YES;
				CLANG_WARN_EMPTY_BODY = YES;
				CLANG_WARN_ENUM_CONVERSION = YES;
				CLANG_WARN_INFINITE_RECURSION = YES;
				CLANG_WARN_INT_CONVERSION = YES;
				CLANG_WARN_NON_LITERAL_NULL_CONVERSION = YES;
				CLANG_WARN_OBJC_IMPLICIT_RETAIN_SELF = YES;
				CLANG_WARN_OBJC_LITERAL_CONVERSION = YES;
				CLANG_WARN_OBJC_ROOT_CLASS = YES_ERROR;
				CLANG_WARN_QUOTED_INCLUDE_IN_FRAMEWORK_HEADER = YES;
				CLANG_WARN_RANGE_LOOP_ANALYSIS = YES;
				CLANG_WARN_STRICT_PROTOTYPES = YES;
				CLANG_WARN_SUSPICIOUS_MOVE = YES;
				CLANG_WARN_UNGUARDED_AVAILABILITY = YES_AGGRESSIVE;
				CLANG_WARN_UNREACHABLE_CODE = YES;
				CLANG_WARN__DUPLICATE_METHOD_MATCH = YES;
				COPY_PHASE_STRIP = NO;
				DEBUG_INFORMATION_FORMAT = dwarf;
				ENABLE_STRICT_OBJC_MSGSEND = YES;
				ENABLE_TESTABILITY = YES;
				GCC_C_LANGUAGE_STANDARD = gnu11;
				GCC_DYNAMIC_NO_PIC = NO;
				GCC_NO_COMMON_BLOCKS = YES;
				GCC_OPTIMIZATION_LEVEL = 0;
				GCC_PREPROCESSOR_DEFINITIONS = (
					"DEBUG=1",
					"$(inherited)",
				);
				GCC_WARN_64_TO_32_BIT_CONVERSION = YES;
				GCC_WARN_ABOUT_RETURN_TYPE = YES_ERROR;
				GCC_WARN_UNDECLARED_SELECTOR = YES;
				GCC_WARN_UNINITIALIZED_AUTOS = YES_AGGRESSIVE;
				GCC_WARN_UNUSED_FUNCTION = YES;
				GCC_WARN_UNUSED_VARIABLE = YES;
				IPHONEOS_DEPLOYMENT_TARGET = 16.0;
				MTL_ENABLE_DEBUG_INFO = INCLUDE_SOURCE;
				MTL_FAST_MATH = YES;
				ONLY_ACTIVE_ARCH = YES;
				SDKROOT = iphoneos;
				SWIFT_ACTIVE_COMPILATION_CONDITIONS = DEBUG;
				SWIFT_OPTIMIZATION_LEVEL = "-Onone";
			};
			name = Debug;
		};
		83B8B5F628BD00880050C441 /* Release */ = {
			isa = XCBuildConfiguration;
			buildSettings = {
				ALWAYS_SEARCH_USER_PATHS = NO;
				CLANG_ANALYZER_NONNULL = YES;
				CLANG_ANALYZER_NUMBER_OBJECT_CONVERSION = YES_AGGRESSIVE;
				CLANG_CXX_LANGUAGE_STANDARD = "gnu++17";
				CLANG_ENABLE_MODULES = YES;
				CLANG_ENABLE_OBJC_ARC = YES;
				CLANG_ENABLE_OBJC_WEAK = YES;
				CLANG_WARN_BLOCK_CAPTURE_AUTORELEASING = YES;
				CLANG_WARN_BOOL_CONVERSION = YES;
				CLANG_WARN_COMMA = YES;
				CLANG_WARN_CONSTANT_CONVERSION = YES;
				CLANG_WARN_DEPRECATED_OBJC_IMPLEMENTATIONS = YES;
				CLANG_WARN_DIRECT_OBJC_ISA_USAGE = YES_ERROR;
				CLANG_WARN_DOCUMENTATION_COMMENTS = YES;
				CLANG_WARN_EMPTY_BODY = YES;
				CLANG_WARN_ENUM_CONVERSION = YES;
				CLANG_WARN_INFINITE_RECURSION = YES;
				CLANG_WARN_INT_CONVERSION = YES;
				CLANG_WARN_NON_LITERAL_NULL_CONVERSION = YES;
				CLANG_WARN_OBJC_IMPLICIT_RETAIN_SELF = YES;
				CLANG_WARN_OBJC_LITERAL_CONVERSION = YES;
				CLANG_WARN_OBJC_ROOT_CLASS = YES_ERROR;
				CLANG_WARN_QUOTED_INCLUDE_IN_FRAMEWORK_HEADER = YES;
				CLANG_WARN_RANGE_LOOP_ANALYSIS = YES;
				CLANG_WARN_STRICT_PROTOTYPES = YES;
				CLANG_WARN_SUSPICIOUS_MOVE = YES;
				CLANG_WARN_UNGUARDED_AVAILABILITY = YES_AGGRESSIVE;
				CLANG_WARN_UNREACHABLE_CODE = YES;
				CLANG_WARN__DUPLICATE_METHOD_MATCH = YES;
				COPY_PHASE_STRIP = NO;
				DEBUG_INFORMATION_FORMAT = "dwarf-with-dsym";
				ENABLE_NS_ASSERTIONS = NO;
				ENABLE_STRICT_OBJC_MSGSEND = YES;
				GCC_C_LANGUAGE_STANDARD = gnu11;
				GCC_NO_COMMON_BLOCKS = YES;
				GCC_WARN_64_TO_32_BIT_CONVERSION = YES;
				GCC_WARN_ABOUT_RETURN_TYPE = YES_ERROR;
				GCC_WARN_UNDECLARED_SELECTOR = YES;
				GCC_WARN_UNINITIALIZED_AUTOS = YES_AGGRESSIVE;
				GCC_WARN_UNUSED_FUNCTION = YES;
				GCC_WARN_UNUSED_VARIABLE = YES;
				IPHONEOS_DEPLOYMENT_TARGET = 16.0;
				MTL_ENABLE_DEBUG_INFO = NO;
				MTL_FAST_MATH = YES;
				SDKROOT = iphoneos;
				SWIFT_COMPILATION_MODE = wholemodule;
				SWIFT_OPTIMIZATION_LEVEL = "-O";
				VALIDATE_PRODUCT = YES;
			};
			name = Release;
		};
		83B8B5F828BD00880050C441 /* Debug */ = {
			isa = XCBuildConfiguration;
			buildSettings = {
				ASSETCATALOG_COMPILER_APPICON_NAME = AppIcon2;
				ASSETCATALOG_COMPILER_GLOBAL_ACCENT_COLOR_NAME = AccentColor;
				ASSETCATALOG_COMPILER_INCLUDE_ALL_APPICON_ASSETS = NO;
				CODE_SIGN_STYLE = Automatic;
				CURRENT_PROJECT_VERSION = 1;
				DEVELOPMENT_ASSET_PATHS = "\"GWeather/Preview Content\"";
				DEVELOPMENT_TEAM = QNXV57SQKM;
				ENABLE_PREVIEWS = YES;
				GENERATE_INFOPLIST_FILE = YES;
				INFOPLIST_FILE = GWeather/Info.plist;
				INFOPLIST_KEY_CFBundleDisplayName = GooWeather;
				INFOPLIST_KEY_LSApplicationCategoryType = "public.app-category.weather";
				INFOPLIST_KEY_NSLocationWhenInUseUsageDescription = "We need your location to provide relevant weather data.";
				INFOPLIST_KEY_UIApplicationSceneManifest_Generation = YES;
				INFOPLIST_KEY_UIApplicationSupportsIndirectInputEvents = YES;
				INFOPLIST_KEY_UILaunchStoryboardName = "Launch Screen.storyboard";
				INFOPLIST_KEY_UIStatusBarHidden = NO;
				INFOPLIST_KEY_UIStatusBarStyle = UIStatusBarStyleDarkContent;
				INFOPLIST_KEY_UISupportedInterfaceOrientations = UIInterfaceOrientationPortrait;
				INFOPLIST_KEY_UISupportedInterfaceOrientations_iPad = "UIInterfaceOrientationLandscapeLeft UIInterfaceOrientationLandscapeRight UIInterfaceOrientationPortrait UIInterfaceOrientationPortraitUpsideDown";
				LD_RUNPATH_SEARCH_PATHS = (
					"$(inherited)",
					"@executable_path/Frameworks",
				);
				MARKETING_VERSION = 2.0.0;
				PRODUCT_BUNDLE_IDENTIFIER = com.sannideveloper.GWeather;
				PRODUCT_NAME = "$(TARGET_NAME)";
				SUPPORTED_PLATFORMS = "iphoneos iphonesimulator";
				SUPPORTS_MACCATALYST = NO;
				SUPPORTS_MAC_DESIGNED_FOR_IPHONE_IPAD = NO;
				SWIFT_EMIT_LOC_STRINGS = YES;
				SWIFT_VERSION = 5.0;
				TARGETED_DEVICE_FAMILY = 1;
			};
			name = Debug;
		};
		83B8B5F928BD00880050C441 /* Release */ = {
			isa = XCBuildConfiguration;
			buildSettings = {
				ASSETCATALOG_COMPILER_APPICON_NAME = AppIcon2;
				ASSETCATALOG_COMPILER_GLOBAL_ACCENT_COLOR_NAME = AccentColor;
				ASSETCATALOG_COMPILER_INCLUDE_ALL_APPICON_ASSETS = NO;
				CODE_SIGN_STYLE = Automatic;
				CURRENT_PROJECT_VERSION = 1;
				DEVELOPMENT_ASSET_PATHS = "\"GWeather/Preview Content\"";
				DEVELOPMENT_TEAM = QNXV57SQKM;
				ENABLE_PREVIEWS = YES;
				GENERATE_INFOPLIST_FILE = YES;
				INFOPLIST_FILE = GWeather/Info.plist;
				INFOPLIST_KEY_CFBundleDisplayName = GooWeather;
				INFOPLIST_KEY_LSApplicationCategoryType = "public.app-category.weather";
				INFOPLIST_KEY_NSLocationWhenInUseUsageDescription = "We need your location to provide relevant weather data.";
				INFOPLIST_KEY_UIApplicationSceneManifest_Generation = YES;
				INFOPLIST_KEY_UIApplicationSupportsIndirectInputEvents = YES;
				INFOPLIST_KEY_UILaunchStoryboardName = "Launch Screen.storyboard";
				INFOPLIST_KEY_UIStatusBarHidden = NO;
				INFOPLIST_KEY_UIStatusBarStyle = UIStatusBarStyleDarkContent;
				INFOPLIST_KEY_UISupportedInterfaceOrientations = UIInterfaceOrientationPortrait;
				INFOPLIST_KEY_UISupportedInterfaceOrientations_iPad = "UIInterfaceOrientationLandscapeLeft UIInterfaceOrientationLandscapeRight UIInterfaceOrientationPortrait UIInterfaceOrientationPortraitUpsideDown";
				LD_RUNPATH_SEARCH_PATHS = (
					"$(inherited)",
					"@executable_path/Frameworks",
				);
				MARKETING_VERSION = 2.0.0;
				PRODUCT_BUNDLE_IDENTIFIER = com.sannideveloper.GWeather;
				PRODUCT_NAME = "$(TARGET_NAME)";
				SUPPORTED_PLATFORMS = "iphoneos iphonesimulator";
				SUPPORTS_MACCATALYST = NO;
				SUPPORTS_MAC_DESIGNED_FOR_IPHONE_IPAD = NO;
				SWIFT_EMIT_LOC_STRINGS = YES;
				SWIFT_VERSION = 5.0;
				TARGETED_DEVICE_FAMILY = 1;
			};
			name = Release;
		};
/* End XCBuildConfiguration section */

/* Begin XCConfigurationList section */
		83B8B5E428BD00850050C441 /* Build configuration list for PBXProject "GWeather" */ = {
			isa = XCConfigurationList;
			buildConfigurations = (
				83B8B5F528BD00880050C441 /* Debug */,
				83B8B5F628BD00880050C441 /* Release */,
			);
			defaultConfigurationIsVisible = 0;
			defaultConfigurationName = Release;
		};
		83B8B5F728BD00880050C441 /* Build configuration list for PBXNativeTarget "GWeather" */ = {
			isa = XCConfigurationList;
			buildConfigurations = (
				83B8B5F828BD00880050C441 /* Debug */,
				83B8B5F928BD00880050C441 /* Release */,
			);
			defaultConfigurationIsVisible = 0;
			defaultConfigurationName = Release;
		};
/* End XCConfigurationList section */

/* Begin XCRemoteSwiftPackageReference section */
		83DCCC4628D63ECE0072EF96 /* XCRemoteSwiftPackageReference "swiftui-mail-view" */ = {
			isa = XCRemoteSwiftPackageReference;
			repositoryURL = "https://github.com/globulus/swiftui-mail-view.git";
			requirement = {
				kind = upToNextMajorVersion;
				minimumVersion = 1.0.0;
			};
		};
/* End XCRemoteSwiftPackageReference section */

/* Begin XCSwiftPackageProductDependency section */
		83DCCC4728D63ECF0072EF96 /* SwiftUIMailView */ = {
			isa = XCSwiftPackageProductDependency;
			package = 83DCCC4628D63ECE0072EF96 /* XCRemoteSwiftPackageReference "swiftui-mail-view" */;
			productName = SwiftUIMailView;
		};
/* End XCSwiftPackageProductDependency section */

/* Begin XCVersionGroup section */
		83F7D64428F0ED5F00DEB85C /* Places.xcdatamodeld */ = {
			isa = XCVersionGroup;
			children = (
				83F7D64528F0ED5F00DEB85C /* Places.xcdatamodel */,
			);
			currentVersion = 83F7D64528F0ED5F00DEB85C /* Places.xcdatamodel */;
			path = Places.xcdatamodeld;
			sourceTree = "<group>";
			versionGroupType = wrapper.xcdatamodel;
		};
/* End XCVersionGroup section */
	};
	rootObject = 83B8B5E128BD00850050C441 /* Project object */;
}
